# THIS IS AN AUTOGENERATED FILE. DO NOT EDIT THIS FILE DIRECTLY.
# yarn lockfile v1


"@smartface/contx@^2.2.9":
  version "2.2.10"
  resolved "https://registry.yarnpkg.com/@smartface/contx/-/contx-2.2.10.tgz#e6d16aba81bcf95cd4128f5e0c6328001601121f"
  integrity sha512-FNcrITHniIDFArIEpaCK07On5wW2uPBvUSA5E5b+AYGMHu5fA0xyAOUTXV4UdWdFr9EDahRIHkkAEuErrndd8Q==
  dependencies:
    filtrex "^0.5.4"

"@smartface/html-to-text@^1.1.1":
  version "1.2.0"
  resolved "https://registry.yarnpkg.com/@smartface/html-to-text/-/html-to-text-1.2.0.tgz#463cf8c60e30af0db96c9e136bcabbc7a37d764d"
  integrity sha512-yKoQY2nfWiVEfXKdqvtswxPTQjt+WeNZl8gqnUXxRzZcm/trzcyHx8KGzTQHdLysQCDtOQhyIZXPTaWlFaFzFg==
  dependencies:
    html-parse-stringify "1.0.2"

"@smartface/router@^1.6.2":
  version "1.6.2"
  resolved "https://registry.yarnpkg.com/@smartface/router/-/router-1.6.2.tgz#aa2317c4d82cdf9b01e6c415a981e5190cd3782a"
  integrity sha512-Rh/a3Iyqw2fv+7lrdaYMUjztcHF5NHbMrst5STVl89thAN+gdW8DiqTIZABKE3U0WqtW1lk8Dz2yd4VPjPx1vg==
  dependencies:
    path-to-regexp "^2.4.0"
    resolve-pathname "^2.2.0"

"@smartface/styler@^1.3.15":
  version "1.3.16"
  resolved "https://registry.yarnpkg.com/@smartface/styler/-/styler-1.3.16.tgz#7c8ddd1e044a28cf01c7bdb0cdf726467f9ce508"
  integrity sha512-WlHAJnAiXgKmT/4qh8Rx3TO9Y4sejDo2Xe/M25s4ClECWNB+RY132KDq0LPi2ZnmmCOASRg6Qbp7QZ24WYQdTA==

decode-uri-component@^0.2.0:
  version "0.2.0"
  resolved "https://registry.yarnpkg.com/decode-uri-component/-/decode-uri-component-0.2.0.tgz#eb3913333458775cb84cd1a1fae062106bb87545"
  integrity sha1-6zkTMzRYd1y4TNGh+uBiEGu4dUU=

filtrex@^0.5.4:
  version "0.5.4"
  resolved "https://registry.yarnpkg.com/filtrex/-/filtrex-0.5.4.tgz#98075d518f068c4f58b7b589a227d98bd9f6395d"
  integrity sha1-mAddUY8GjE9Yt7WJoifZi9n2OV0=

for-in@^1.0.2:
  version "1.0.2"
  resolved "https://registry.yarnpkg.com/for-in/-/for-in-1.0.2.tgz#81068d295a8142ec0ac726c6e2200c30fb6d5e80"
  integrity sha1-gQaNKVqBQuwKxybG4iAMMPttXoA=

html-parse-stringify@1.0.2:
  version "1.0.2"
  resolved "https://registry.yarnpkg.com/html-parse-stringify/-/html-parse-stringify-1.0.2.tgz#1208e98cd7430ad7efb12e1e7acee9214fd22283"
  integrity sha1-EgjpjNdDCtfvsS4ees7pIU/SIoM=
  dependencies:
    void-elements "^1.0.0"

is-extendable@^1.0.1:
  version "1.0.1"
  resolved "https://registry.yarnpkg.com/is-extendable/-/is-extendable-1.0.1.tgz#a7470f9e426733d81bd81e1155264e3a3507cab4"
  integrity sha512-arnXMxT1hhoKo9k1LZdmlNyJdDDfy2v0fXjFlmok4+i8ul/6WlbVge9bhM74OpNPQPMGUToDtz+KXa1PneJxOA==
  dependencies:
    is-plain-object "^2.0.4"

is-plain-object@^2.0.4:
  version "2.0.4"
  resolved "https://registry.yarnpkg.com/is-plain-object/-/is-plain-object-2.0.4.tgz#2c163b3fafb1b606d9d17928f05c2a1c38e07677"
  integrity sha512-h5PpgXkWitc38BBMYawTYMWJHFZJVnBquFE57xFpjB8pJFiF6gZ+bU+WyI/yqXiFR5mdLsgYNaPe8uao6Uv9Og==
  dependencies:
    isobject "^3.0.1"

isobject@^3.0.1:
  version "3.0.1"
  resolved "https://registry.yarnpkg.com/isobject/-/isobject-3.0.1.tgz#4e431e92b11a9731636aa1f9c8d1ccbcfdab78df"
  integrity sha1-TkMekrEalzFjaqH5yNHMvP2reN8=

js-base@^1.0.4:
  version "1.0.4"
  resolved "http://cd.smartface.io/nexus/content/groups/npm-all-public/js-base/-/js-base-1.0.4.tgz#208ea91c9f26e7c616d9fabc36058bbc3bcc8158"
  integrity sha1-II6pHJ8m58YW2fq8NgWLvDvMgVg=

jwt-decode@^2.2.0:
  version "2.2.0"
  resolved "https://cd.smartface.io/repository/npm-all-public/jwt-decode/-/jwt-decode-2.2.0.tgz#7d86bd56679f58ce6a84704a657dd392bba81a79"
  integrity sha1-fYa9VmefWM5qhHBKZX3TkruoGnk=

mixin-deep@^1.3.1:
  version "1.3.2"
  resolved "https://registry.yarnpkg.com/mixin-deep/-/mixin-deep-1.3.2.tgz#1120b43dc359a785dce65b55b82e257ccf479566"
  integrity sha512-WRoDn//mXBiJ1H40rqa3vH0toePwSsGb45iInWlTySa+Uu4k3tYUSxa2v1KqAiLtvlrSzaExqS1gtk96A9zvEA==
  dependencies:
    for-in "^1.0.2"
    is-extendable "^1.0.1"

path-to-regexp@^2.4.0:
  version "2.4.0"
  resolved "https://registry.yarnpkg.com/path-to-regexp/-/path-to-regexp-2.4.0.tgz#35ce7f333d5616f1c1e1bfe266c3aba2e5b2e704"
  integrity sha512-G6zHoVqC6GGTQkZwF4lkuEyMbVOjoBKAEybQUypI1WTkqinCOrq2x6U2+phkJ1XsEMTy4LjtwPI7HW+NVrRR2w==

query-string@^6.10.1:
  version "6.11.0"
  resolved "http://cd.smartface.io/nexus/content/groups/npm-all-public/query-string/-/query-string-6.11.0.tgz#dc27a05733d1be66f16d0f83dfa957270f45f66d"
  integrity sha512-jS+me8X3OEGFTsF6kF+vUUMFG/d3WUCvD7bHhfZP5784nOq1pjj8yau/u86nfOncmcN6ZkSWKWkKAvv/MGxzLA==
  dependencies:
    decode-uri-component "^0.2.0"
    split-on-first "^1.0.0"
    strict-uri-encode "^2.0.0"

resolve-pathname@^2.2.0:
  version "2.2.0"
  resolved "https://registry.yarnpkg.com/resolve-pathname/-/resolve-pathname-2.2.0.tgz#7e9ae21ed815fd63ab189adeee64dc831eefa879"
  integrity sha512-bAFz9ld18RzJfddgrO2e/0S2O81710++chRMUxHjXOYKF6jTAMrUNZrEZ1PvV0zlhfjidm08iRPdTLPno1FuRg==

semver@^5.7.1:
  version "5.7.1"
  resolved "http://cd.smartface.io/nexus/content/groups/npm-all-public/semver/-/semver-5.7.1.tgz#a954f931aeba508d307bbf069eff0c01c96116f7"
  integrity sha512-sauaDf/PZdVgrLTNYHRtpXa1iRiKcaebiKQ1BJdpQlWH2lCvexQdX55snPFyK7QzpudqbCI0qXFfOasHdyNDGQ==

sf-core@^4.2.1:
  version "4.3.1"
  resolved "https://cd.smartface.io/repository/npm-all-public/sf-core/-/sf-core-4.3.1.tgz#6f55412142603cb3e73457934d03993da63595bd"
  integrity sha1-b1VBIUJgPLPnNFeTTQOZPaY1lb0=

sf-extension-utils@^11.2.2:
  version "11.3.0"
  resolved "https://cd.smartface.io/repository/npm-all-public/sf-extension-utils/-/sf-extension-utils-11.3.0.tgz#5f2cdfc30c550973877ed6e9d29d413e38b96bd9"
  integrity sha512-Bol0gLiyfPA7O3PP5QW0QEH4QyaZAG+X2J3eeDWBWx6tzoBwenKjwmZsqBoIZ5wXwCfYSEf7LTNnZtQzWB4sLA==
  dependencies:
    mixin-deep "^1.3.1"
    query-string "^6.10.1"
    semver "^5.7.1"
    squel "^5.13.0"
    tinycolor2 "^1.4.1"
    wolfy87-eventemitter "^5.2.9"

sf-extension-zoomable-imageview@^1.0.2:
  version "1.0.2"
  resolved "https://cd.smartface.io/repository/npm-all-public/sf-extension-zoomable-imageview/-/sf-extension-zoomable-imageview-1.0.2.tgz#3145627b57210b8397ae750b4a032809074d7a1e"
  integrity sha512-YqGALd0WHH6p1kBtcvGcY53NXPfafx/Abtc66yizT0kW+a2edkI/0UxYE9Tvp1oW0uo1+TDfNS8+F4iB4lWhhg==

source-map@0.6.1:
  version "0.6.1"
  resolved "https://cd.smartface.io/repository/npm-all-public/source-map/-/source-map-0.6.1.tgz#74722af32e9614e9c287a8d0bbde48b5e2f1a263"
  integrity sha512-UjgapumWlbMhkBgzT7Ykc5YXUT46F0iKu8SGXq0bcwP5dz/h0Plj6enJqjz1Zbq2l5WaqYnrVbwWOWMyF3F47g==

split-on-first@^1.0.0:
  version "1.1.0"
  resolved "https://registry.yarnpkg.com/split-on-first/-/split-on-first-1.1.0.tgz#f610afeee3b12bce1d0c30425e76398b78249a5f"
  integrity sha512-43ZssAJaMusuKWL8sKUBQXHWOpq8d6CfN/u1p4gUzfJkM05C8rxTmYrkIPTXapZpORA6LkkzcUulJ8FqA7Uudw==

squel@^5.13.0:
  version "5.13.0"
  resolved "http://cd.smartface.io/nexus/content/groups/npm-all-public/squel/-/squel-5.13.0.tgz#09cc73e91f0d0e326482605ee76e3b7ac881ddf6"
  integrity sha512-Fzd8zqbuqNwzodO3yO6MkX8qiDoVBuwqAaa3eKNz4idhBf24IQHbatBhLUiHAGGl962eGvPVRxzRuFWZlSf49w==

strict-uri-encode@^2.0.0:
  version "2.0.0"
  resolved "https://registry.yarnpkg.com/strict-uri-encode/-/strict-uri-encode-2.0.0.tgz#b9c7330c7042862f6b142dc274bbcc5866ce3546"
  integrity sha1-ucczDHBChi9rFC3CdLvMWGbONUY=

tinycolor2@^1.4.1:
  version "1.4.1"
  resolved "https://registry.yarnpkg.com/tinycolor2/-/tinycolor2-1.4.1.tgz#f4fad333447bc0b07d4dc8e9209d8f39a8ac77e8"
  integrity sha1-9PrTM0R7wLB9TcjpIJ2POaisd+g=

urijs@^1.19.2:
  version "1.19.7"
  resolved "https://cd.smartface.io/repository/npm-all-public/urijs/-/urijs-1.19.7.tgz#4f594e59113928fea63c00ce688fb395b1168ab9"
  integrity sha512-Id+IKjdU0Hx+7Zx717jwLPsPeUqz7rAtuVBRLLs+qn+J2nf9NGITWVCxcijgYxBqe83C7sqsQPs6H1pyz3x9gA==

void-elements@^1.0.0:
  version "1.0.0"
  resolved "https://registry.yarnpkg.com/void-elements/-/void-elements-1.0.0.tgz#6e5db1e35d591f5ac690ce1a340f793a817b2c2a"
  integrity sha1-bl2x411ZH1rGkM4aNA95OoF7LCo=

wolfy87-eventemitter@^5.2.9:
  version "5.2.9"
  resolved "http://cd.smartface.io/nexus/content/groups/npm-all-public/wolfy87-eventemitter/-/wolfy87-eventemitter-5.2.9.tgz#e879f770b30fbb6512a8afbb330c388591099c2a"
  integrity sha512-P+6vtWyuDw+MB01X7UeF8TaHBvbCovf4HPEMF/SV7BdDc1SMTiBy13SRD71lQh4ExFTG1d/WNzDGDCyOKSMblw==
